
Microsoft Visual Studio Solution File, Format Version 12.00
# Visual Studio Version 17
VisualStudioVersion = 17.1.32421.90
MinimumVisualStudioVersion = 10.0.40219.1
Project("{FAE04EC0-301F-11D3-BF4B-00C04F79EFBC}") = "BankManagementSystem", "BankManagementSystem\BankManagementSystem.csproj", "{A6B1E662-5EA6-49F4-97BF-B9D7A4D9ABE5}"
EndProject
Global
	GlobalSection(SolutionConfigurationPlatforms) = preSolution
		Debug|Any CPU = Debug|Any CPU
		Release|Any CPU = Release|Any CPU
	EndGlobalSection
	GlobalSection(ProjectConfigurationPlatforms) = postSolution
		{A6B1E662-5EA6-49F4-97BF-B9D7A4D9ABE5}.Debug|Any CPU.ActiveCfg = Debug|Any CPU
		{A6B1E662-5EA6-49F4-97BF-B9D7A4D9ABE5}.Debug|Any CPU.Build.0 = Debug|Any CPU
		{A6B1E662-5EA6-49F4-97BF-B9D7A4D9ABE5}.Release|Any CPU.ActiveCfg = Release|Any CPU
		{A6B1E662-5EA6-49F4-97BF-B9D7A4D9ABE5}.Release|Any CPU.Build.0 = Release|Any CPU
	EndGlobalSection
	GlobalSection(SolutionProperties) = preSolution
		HideSolutionNode = FALSE
	EndGlobalSection
	GlobalSection(ExtensibilityGlobals) = postSolution
		SolutionGuid = {B77C43E3-00E2-4DA8-8825-634CD3E6621B}
	EndGlobalSection
EndGlobal
