
Microsoft Visual Studio Solution File, Format Version 12.00
# Visual Studio Version 17
VisualStudioVersion = 17.1.32421.90
MinimumVisualStudioVersion = 10.0.40219.1
Project("{FAE04EC0-301F-11D3-BF4B-00C04F79EFBC}") = "BankManagementSystem", "BankManagementSystem\BankManagementSystem.csproj", "{B70137EC-95BE-4A77-A050-54FBA5F72BFD}"
EndProject
Global
	GlobalSection(SolutionConfigurationPlatforms) = preSolution
		Debug|Any CPU = Debug|Any CPU
		Release|Any CPU = Release|Any CPU
	EndGlobalSection
	GlobalSection(ProjectConfigurationPlatforms) = postSolution
		{B70137EC-95BE-4A77-A050-54FBA5F72BFD}.Debug|Any CPU.ActiveCfg = Debug|Any CPU
		{B70137EC-95BE-4A77-A050-54FBA5F72BFD}.Debug|Any CPU.Build.0 = Debug|Any CPU
		{B70137EC-95BE-4A77-A050-54FBA5F72BFD}.Release|Any CPU.ActiveCfg = Release|Any CPU
		{B70137EC-95BE-4A77-A050-54FBA5F72BFD}.Release|Any CPU.Build.0 = Release|Any CPU
	EndGlobalSection
	GlobalSection(SolutionProperties) = preSolution
		HideSolutionNode = FALSE
	EndGlobalSection
	GlobalSection(ExtensibilityGlobals) = postSolution
		SolutionGuid = {7022B697-04FB-4086-A3E2-2F152FB3550F}
	EndGlobalSection
EndGlobal
